// !$*UTF8*$!
{
	archiveVersion = 1;
	classes = {
	};
	objectVersion = 77;
	objects = {

/* Begin PBXContainerItemProxy section */
		828E59202D8187DA00BF9F5E /* PBXContainerItemProxy */ = {
			isa = PBXContainerItemProxy;
			containerPortal = 828E59072D8187CA00BF9F5E /* Project object */;
			proxyType = 1;
			remoteGlobalIDString = 828E590E2D8187CA00BF9F5E;
			remoteInfo = FDLimitChecker;
		};
		828E592A2D8187DA00BF9F5E /* PBXContainerItemProxy */ = {
			isa = PBXContainerItemProxy;
			containerPortal = 828E59072D8187CA00BF9F5E /* Project object */;
			proxyType = 1;
			remoteGlobalIDString = 828E590E2D8187CA00BF9F5E;
			remoteInfo = FDLimitChecker;
		};
/* End PBXContainerItemProxy section */

/* Begin PBXFileReference section */
		828E590F2D8187CA00BF9F5E /* FDLimitChecker.app */ = {isa = PBXFileReference; explicitFileType = wrapper.application; includeInIndex = 0; path = FDLimitChecker.app; sourceTree = BUILT_PRODUCTS_DIR; };
		828E591F2D8187DA00BF9F5E /* FDLimitCheckerTests.xctest */ = {isa = PBXFileReference; explicitFileType = wrapper.cfbundle; includeInIndex = 0; path = FDLimitCheckerTests.xctest; sourceTree = BUILT_PRODUCTS_DIR; };
		828E59292D8187DA00BF9F5E /* FDLimitCheckerUITests.xctest */ = {isa = PBXFileReference; explicitFileType = wrapper.cfbundle; includeInIndex = 0; path = FDLimitCheckerUITests.xctest; sourceTree = BUILT_PRODUCTS_DIR; };
/* End PBXFileReference section */

/* Begin PBXFileSystemSynchronizedRootGroup section */
		828E59112D8187CA00BF9F5E /* FDLimitChecker */ = {
			isa = PBXFileSystemSynchronizedRootGroup;
			path = FDLimitChecker;
			sourceTree = "<group>";
		};
		828E59222D8187DA00BF9F5E /* FDLimitCheckerTests */ = {
			isa = PBXFileSystemSynchronizedRootGroup;
			path = FDLimitCheckerTests;
			sourceTree = "<group>";
		};
		828E592C2D8187DA00BF9F5E /* FDLimitCheckerUITests */ = {
			isa = PBXFileSystemSynchronizedRootGroup;
			path = FDLimitCheckerUITests;
			sourceTree = "<group>";
		};
/* End PBXFileSystemSynchronizedRootGroup section */

/* Begin PBXFrameworksBuildPhase section */
		828E590C2D8187CA00BF9F5E /* Frameworks */ = {
			isa = PBXFrameworksBuildPhase;
			buildActionMask = 2147483647;
			files = (
			);
			runOnlyForDeploymentPostprocessing = 0;
		};
		828E591C2D8187DA00BF9F5E /* Frameworks */ = {
			isa = PBXFrameworksBuildPhase;
			buildActionMask = 2147483647;
			files = (
			);
			runOnlyForDeploymentPostprocessing = 0;
		};
		828E59262D8187DA00BF9F5E /* Frameworks */ = {
			isa = PBXFrameworksBuildPhase;
			buildActionMask = 2147483647;
			files = (
			);
			runOnlyForDeploymentPostprocessing = 0;
		};
/* End PBXFrameworksBuildPhase section */

/* Begin PBXGroup section */
		828E59062D8187CA00BF9F5E = {
			isa = PBXGroup;
			children = (
				828E59112D8187CA00BF9F5E /* FDLimitChecker */,
				828E59222D8187DA00BF9F5E /* FDLimitCheckerTests */,
				828E592C2D8187DA00BF9F5E /* FDLimitCheckerUITests */,
				828E59102D8187CA00BF9F5E /* Products */,
			);
			sourceTree = "<group>";
		};
		828E59102D8187CA00BF9F5E /* Products */ = {
			isa = PBXGroup;
			children = (
				828E590F2D8187CA00BF9F5E /* FDLimitChecker.app */,
				828E591F2D8187DA00BF9F5E /* FDLimitCheckerTests.xctest */,
				828E59292D8187DA00BF9F5E /* FDLimitCheckerUITests.xctest */,
			);
			name = Products;
			sourceTree = "<group>";
		};
/* End PBXGroup section */

/* Begin PBXNativeTarget section */
		828E590E2D8187CA00BF9F5E /* FDLimitChecker */ = {
			isa = PBXNativeTarget;
			buildConfigurationList = 828E59332D8187DA00BF9F5E /* Build configuration list for PBXNativeTarget "FDLimitChecker" */;
			buildPhases = (
				828E590B2D8187CA00BF9F5E /* Sources */,
				828E590C2D8187CA00BF9F5E /* Frameworks */,
				828E590D2D8187CA00BF9F5E /* Resources */,
			);
			buildRules = (
			);
			dependencies = (
			);
			fileSystemSynchronizedGroups = (
				828E59112D8187CA00BF9F5E /* FDLimitChecker */,
			);
			name = FDLimitChecker;
			packageProductDependencies = (
			);
			productName = FDLimitChecker;
			productReference = 828E590F2D8187CA00BF9F5E /* FDLimitChecker.app */;
			productType = "com.apple.product-type.application";
		};
		828E591E2D8187DA00BF9F5E /* FDLimitCheckerTests */ = {
			isa = PBXNativeTarget;
			buildConfigurationList = 828E59362D8187DA00BF9F5E /* Build configuration list for PBXNativeTarget "FDLimitCheckerTests" */;
			buildPhases = (
				828E591B2D8187DA00BF9F5E /* Sources */,
				828E591C2D8187DA00BF9F5E /* Frameworks */,
				828E591D2D8187DA00BF9F5E /* Resources */,
			);
			buildRules = (
			);
			dependencies = (
				828E59212D8187DA00BF9F5E /* PBXTargetDependency */,
			);
			fileSystemSynchronizedGroups = (
				828E59222D8187DA00BF9F5E /* FDLimitCheckerTests */,
			);
			name = FDLimitCheckerTests;
			packageProductDependencies = (
			);
			productName = FDLimitCheckerTests;
			productReference = 828E591F2D8187DA00BF9F5E /* FDLimitCheckerTests.xctest */;
			productType = "com.apple.product-type.bundle.unit-test";
		};
		828E59282D8187DA00BF9F5E /* FDLimitCheckerUITests */ = {
			isa = PBXNativeTarget;
			buildConfigurationList = 828E59392D8187DA00BF9F5E /* Build configuration list for PBXNativeTarget "FDLimitCheckerUITests" */;
			buildPhases = (
				828E59252D8187DA00BF9F5E /* Sources */,
				828E59262D8187DA00BF9F5E /* Frameworks */,
				828E59272D8187DA00BF9F5E /* Resources */,
			);
			buildRules = (
			);
			dependencies = (
				828E592B2D8187DA00BF9F5E /* PBXTargetDependency */,
			);
			fileSystemSynchronizedGroups = (
				828E592C2D8187DA00BF9F5E /* FDLimitCheckerUITests */,
			);
			name = FDLimitCheckerUITests;
			packageProductDependencies = (
			);
			productName = FDLimitCheckerUITests;
			productReference = 828E59292D8187DA00BF9F5E /* FDLimitCheckerUITests.xctest */;
			productType = "com.apple.product-type.bundle.ui-testing";
		};
/* End PBXNativeTarget section */

/* Begin PBXProject section */
		828E59072D8187CA00BF9F5E /* Project object */ = {
			isa = PBXProject;
			attributes = {
				BuildIndependentTargetsInParallel = 1;
				LastSwiftUpdateCheck = 1620;
				LastUpgradeCheck = 1620;
				TargetAttributes = {
					828E590E2D8187CA00BF9F5E = {
						CreatedOnToolsVersion = 16.2;
					};
					828E591E2D8187DA00BF9F5E = {
						CreatedOnToolsVersion = 16.2;
						TestTargetID = 828E590E2D8187CA00BF9F5E;
					};
					828E59282D8187DA00BF9F5E = {
						CreatedOnToolsVersion = 16.2;
						TestTargetID = 828E590E2D8187CA00BF9F5E;
					};
				};
			};
			buildConfigurationList = 828E590A2D8187CA00BF9F5E /* Build configuration list for PBXProject "FDLimitChecker" */;
			developmentRegion = en;
			hasScannedForEncodings = 0;
			knownRegions = (
				en,
				Base,
			);
			mainGroup = 828E59062D8187CA00BF9F5E;
			minimizedProjectReferenceProxies = 1;
			preferredProjectObjectVersion = 77;
			productRefGroup = 828E59102D8187CA00BF9F5E /* Products */;
			projectDirPath = "";
			projectRoot = "";
			targets = (
				828E590E2D8187CA00BF9F5E /* FDLimitChecker */,
				828E591E2D8187DA00BF9F5E /* FDLimitCheckerTests */,
				828E59282D8187DA00BF9F5E /* FDLimitCheckerUITests */,
			);
		};
/* End PBXProject section */

/* Begin PBXResourcesBuildPhase section */
		828E590D2D8187CA00BF9F5E /* Resources */ = {
			isa = PBXResourcesBuildPhase;
			buildActionMask = 2147483647;
			files = (
			);
			runOnlyForDeploymentPostprocessing = 0;
		};
		828E591D2D8187DA00BF9F5E /* Resources */ = {
			isa = PBXResourcesBuildPhase;
			buildActionMask = 2147483647;
			files = (
			);
			runOnlyForDeploymentPostprocessing = 0;
		};
		828E59272D8187DA00BF9F5E /* Resources */ = {
			isa = PBXResourcesBuildPhase;
			buildActionMask = 2147483647;
			files = (
			);
			runOnlyForDeploymentPostprocessing = 0;
		};
/* End PBXResourcesBuildPhase section */

/* Begin PBXSourcesBuildPhase section */
		828E590B2D8187CA00BF9F5E /* Sources */ = {
			isa = PBXSourcesBuildPhase;
			buildActionMask = 2147483647;
			files = (
			);
			runOnlyForDeploymentPostprocessing = 0;
		};
		828E591B2D8187DA00BF9F5E /* Sources */ = {
			isa = PBXSourcesBuildPhase;
			buildActionMask = 2147483647;
			files = (
			);
			runOnlyForDeploymentPostprocessing = 0;
		};
		828E59252D8187DA00BF9F5E /* Sources */ = {
			isa = PBXSourcesBuildPhase;
			buildActionMask = 2147483647;
			files = (
			);
			runOnlyForDeploymentPostprocessing = 0;
		};
/* End PBXSourcesBuildPhase section */

/* Begin PBXTargetDependency section */
		828E59212D8187DA00BF9F5E /* PBXTargetDependency */ = {
			isa = PBXTargetDependency;
			target = 828E590E2D8187CA00BF9F5E /* FDLimitChecker */;
			targetProxy = 828E59202D8187DA00BF9F5E /* PBXContainerItemProxy */;
		};
		828E592B2D8187DA00BF9F5E /* PBXTargetDependency */ = {
			isa = PBXTargetDependency;
			target = 828E590E2D8187CA00BF9F5E /* FDLimitChecker */;
			targetProxy = 828E592A2D8187DA00BF9F5E /* PBXContainerItemProxy */;
		};
/* End PBXTargetDependency section */

/* Begin XCBuildConfiguration section */
		828E59312D8187DA00BF9F5E /* Debug */ = {
			isa = XCBuildConfiguration;
			buildSettings = {
				ALWAYS_SEARCH_USER_PATHS = NO;
				ASSETCATALOG_COMPILER_GENERATE_SWIFT_ASSET_SYMBOL_EXTENSIONS = YES;
				CLANG_ANALYZER_NONNULL = YES;
				CLANG_ANALYZER_NUMBER_OBJECT_CONVERSION = YES_AGGRESSIVE;
				CLANG_CXX_LANGUAGE_STANDARD = "gnu++20";
				CLANG_ENABLE_MODULES = YES;
				CLANG_ENABLE_OBJC_ARC = YES;
				CLANG_ENABLE_OBJC_WEAK = YES;
				CLANG_WARN_BLOCK_CAPTURE_AUTORELEASING = YES;
				CLANG_WARN_BOOL_CONVERSION = YES;
				CLANG_WARN_COMMA = YES;
				CLANG_WARN_CONSTANT_CONVERSION = YES;
				CLANG_WARN_DEPRECATED_OBJC_IMPLEMENTATIONS = YES;
				CLANG_WARN_DIRECT_OBJC_ISA_USAGE = YES_ERROR;
				CLANG_WARN_DOCUMENTATION_COMMENTS = YES;
				CLANG_WARN_EMPTY_BODY = YES;
				CLANG_WARN_ENUM_CONVERSION = YES;
				CLANG_WARN_INFINITE_RECURSION = YES;
				CLANG_WARN_INT_CONVERSION = YES;
				CLANG_WARN_NON_LITERAL_NULL_CONVERSION = YES;
				CLANG_WARN_OBJC_IMPLICIT_RETAIN_SELF = YES;
				CLANG_WARN_OBJC_LITERAL_CONVERSION = YES;
				CLANG_WARN_OBJC_ROOT_CLASS = YES_ERROR;
				CLANG_WARN_QUOTED_INCLUDE_IN_FRAMEWORK_HEADER = YES;
				CLANG_WARN_RANGE_LOOP_ANALYSIS = YES;
				CLANG_WARN_STRICT_PROTOTYPES = YES;
				CLANG_WARN_SUSPICIOUS_MOVE = YES;
				CLANG_WARN_UNGUARDED_AVAILABILITY = YES_AGGRESSIVE;
				CLANG_WARN_UNREACHABLE_CODE = YES;
				CLANG_WARN__DUPLICATE_METHOD_MATCH = YES;
				COPY_PHASE_STRIP = NO;
				DEBUG_INFORMATION_FORMAT = dwarf;
				ENABLE_STRICT_OBJC_MSGSEND = YES;
				ENABLE_TESTABILITY = YES;
				ENABLE_USER_SCRIPT_SANDBOXING = YES;
				GCC_C_LANGUAGE_STANDARD = gnu17;
				GCC_DYNAMIC_NO_PIC = NO;
				GCC_NO_COMMON_BLOCKS = YES;
				GCC_OPTIMIZATION_LEVEL = 0;
				GCC_PREPROCESSOR_DEFINITIONS = (
					"DEBUG=1",
					"$(inherited)",
				);
				GCC_WARN_64_TO_32_BIT_CONVERSION = YES;
				GCC_WARN_ABOUT_RETURN_TYPE = YES_ERROR;
				GCC_WARN_UNDECLARED_SELECTOR = YES;
				GCC_WARN_UNINITIALIZED_AUTOS = YES_AGGRESSIVE;
				GCC_WARN_UNUSED_FUNCTION = YES;
				GCC_WARN_UNUSED_VARIABLE = YES;
				IPHONEOS_DEPLOYMENT_TARGET = 18.2;
				LOCALIZATION_PREFERS_STRING_CATALOGS = YES;
				MTL_ENABLE_DEBUG_INFO = INCLUDE_SOURCE;
				MTL_FAST_MATH = YES;
				ONLY_ACTIVE_ARCH = YES;
				SDKROOT = iphoneos;
				SWIFT_ACTIVE_COMPILATION_CONDITIONS = "DEBUG $(inherited)";
				SWIFT_OPTIMIZATION_LEVEL = "-Onone";
			};
			name = Debug;
		};
		828E59322D8187DA00BF9F5E /* Release */ = {
			isa = XCBuildConfiguration;
			buildSettings = {
				ALWAYS_SEARCH_USER_PATHS = NO;
				ASSETCATALOG_COMPILER_GENERATE_SWIFT_ASSET_SYMBOL_EXTENSIONS = YES;
				CLANG_ANALYZER_NONNULL = YES;
				CLANG_ANALYZER_NUMBER_OBJECT_CONVERSION = YES_AGGRESSIVE;
				CLANG_CXX_LANGUAGE_STANDARD = "gnu++20";
				CLANG_ENABLE_MODULES = YES;
				CLANG_ENABLE_OBJC_ARC = YES;
				CLANG_ENABLE_OBJC_WEAK = YES;
				CLANG_WARN_BLOCK_CAPTURE_AUTORELEASING = YES;
				CLANG_WARN_BOOL_CONVERSION = YES;
				CLANG_WARN_COMMA = YES;
				CLANG_WARN_CONSTANT_CONVERSION = YES;
				CLANG_WARN_DEPRECATED_OBJC_IMPLEMENTATIONS = YES;
				CLANG_WARN_DIRECT_OBJC_ISA_USAGE = YES_ERROR;
				CLANG_WARN_DOCUMENTATION_COMMENTS = YES;
				CLANG_WARN_EMPTY_BODY = YES;
				CLANG_WARN_ENUM_CONVERSION = YES;
				CLANG_WARN_INFINITE_RECURSION = YES;
				CLANG_WARN_INT_CONVERSION = YES;
				CLANG_WARN_NON_LITERAL_NULL_CONVERSION = YES;
				CLANG_WARN_OBJC_IMPLICIT_RETAIN_SELF = YES;
				CLANG_WARN_OBJC_LITERAL_CONVERSION = YES;
				CLANG_WARN_OBJC_ROOT_CLASS = YES_ERROR;
				CLANG_WARN_QUOTED_INCLUDE_IN_FRAMEWORK_HEADER = YES;
				CLANG_WARN_RANGE_LOOP_ANALYSIS = YES;
				CLANG_WARN_STRICT_PROTOTYPES = YES;
				CLANG_WARN_SUSPICIOUS_MOVE = YES;
				CLANG_WARN_UNGUARDED_AVAILABILITY = YES_AGGRESSIVE;
				CLANG_WARN_UNREACHABLE_CODE = YES;
				CLANG_WARN__DUPLICATE_METHOD_MATCH = YES;
				COPY_PHASE_STRIP = NO;
				DEBUG_INFORMATION_FORMAT = "dwarf-with-dsym";
				ENABLE_NS_ASSERTIONS = NO;
				ENABLE_STRICT_OBJC_MSGSEND = YES;
				ENABLE_USER_SCRIPT_SANDBOXING = YES;
				GCC_C_LANGUAGE_STANDARD = gnu17;
				GCC_NO_COMMON_BLOCKS = YES;
				GCC_WARN_64_TO_32_BIT_CONVERSION = YES;
				GCC_WARN_ABOUT_RETURN_TYPE = YES_ERROR;
				GCC_WARN_UNDECLARED_SELECTOR = YES;
				GCC_WARN_UNINITIALIZED_AUTOS = YES_AGGRESSIVE;
				GCC_WARN_UNUSED_FUNCTION = YES;
				GCC_WARN_UNUSED_VARIABLE = YES;
				IPHONEOS_DEPLOYMENT_TARGET = 18.2;
				LOCALIZATION_PREFERS_STRING_CATALOGS = YES;
				MTL_ENABLE_DEBUG_INFO = NO;
				MTL_FAST_MATH = YES;
				SDKROOT = iphoneos;
				SWIFT_COMPILATION_MODE = wholemodule;
				VALIDATE_PRODUCT = YES;
			};
			name = Release;
		};
		828E59342D8187DA00BF9F5E /* Debug */ = {
			isa = XCBuildConfiguration;
			buildSettings = {
				ASSETCATALOG_COMPILER_APPICON_NAME = AppIcon;
				ASSETCATALOG_COMPILER_GLOBAL_ACCENT_COLOR_NAME = AccentColor;
				CODE_SIGN_STYLE = Automatic;
				CURRENT_PROJECT_VERSION = 1;
				DEVELOPMENT_ASSET_PATHS = "\"FDLimitChecker/Preview Content\"";
				DEVELOPMENT_TEAM = 8JPLRHZ9XN;
				ENABLE_PREVIEWS = YES;
				GENERATE_INFOPLIST_FILE = YES;
				INFOPLIST_KEY_LSApplicationCategoryType = "public.app-category.developer-tools";
				INFOPLIST_KEY_UIApplicationSceneManifest_Generation = YES;
				INFOPLIST_KEY_UIApplicationSupportsIndirectInputEvents = YES;
				INFOPLIST_KEY_UILaunchScreen_Generation = YES;
				INFOPLIST_KEY_UISupportedInterfaceOrientations_iPad = "UIInterfaceOrientationPortrait UIInterfaceOrientationPortraitUpsideDown UIInterfaceOrientationLandscapeLeft UIInterfaceOrientationLandscapeRight";
				INFOPLIST_KEY_UISupportedInterfaceOrientations_iPhone = "UIInterfaceOrientationPortrait UIInterfaceOrientationLandscapeLeft UIInterfaceOrientationLandscapeRight";
				LD_RUNPATH_SEARCH_PATHS = (
					"$(inherited)",
					"@executable_path/Frameworks",
				);
				MARKETING_VERSION = 1.0;
				PRODUCT_BUNDLE_IDENTIFIER = FDLimitChecker;
				PRODUCT_NAME = "$(TARGET_NAME)";
				SWIFT_EMIT_LOC_STRINGS = YES;
				SWIFT_VERSION = 5.0;
				TARGETED_DEVICE_FAMILY = "1,2";
			};
			name = Debug;
		};
		828E59352D8187DA00BF9F5E /* Release */ = {
			isa = XCBuildConfiguration;
			buildSettings = {
				ASSETCATALOG_COMPILER_APPICON_NAME = AppIcon;
				ASSETCATALOG_COMPILER_GLOBAL_ACCENT_COLOR_NAME = AccentColor;
				CODE_SIGN_STYLE = Automatic;
				CURRENT_PROJECT_VERSION = 1;
				DEVELOPMENT_ASSET_PATHS = "\"FDLimitChecker/Preview Content\"";
				DEVELOPMENT_TEAM = 8JPLRHZ9XN;
				ENABLE_PREVIEWS = YES;
				GENERATE_INFOPLIST_FILE = YES;
				INFOPLIST_KEY_LSApplicationCategoryType = "public.app-category.developer-tools";
				INFOPLIST_KEY_UIApplicationSceneManifest_Generation = YES;
				INFOPLIST_KEY_UIApplicationSupportsIndirectInputEvents = YES;
				INFOPLIST_KEY_UILaunchScreen_Generation = YES;
				INFOPLIST_KEY_UISupportedInterfaceOrientations_iPad = "UIInterfaceOrientationPortrait UIInterfaceOrientationPortraitUpsideDown UIInterfaceOrientationLandscapeLeft UIInterfaceOrientationLandscapeRight";
				INFOPLIST_KEY_UISupportedInterfaceOrientations_iPhone = "UIInterfaceOrientationPortrait UIInterfaceOrientationLandscapeLeft UIInterfaceOrientationLandscapeRight";
				LD_RUNPATH_SEARCH_PATHS = (
					"$(inherited)",
					"@executable_path/Frameworks",
				);
				MARKETING_VERSION = 1.0;
				PRODUCT_BUNDLE_IDENTIFIER = FDLimitChecker;
				PRODUCT_NAME = "$(TARGET_NAME)";
				SWIFT_EMIT_LOC_STRINGS = YES;
				SWIFT_VERSION = 5.0;
				TARGETED_DEVICE_FAMILY = "1,2";
			};
			name = Release;
		};
		828E59372D8187DA00BF9F5E /* Debug */ = {
			isa = XCBuildConfiguration;
			buildSettings = {
				BUNDLE_LOADER = "$(TEST_HOST)";
				CODE_SIGN_STYLE = Automatic;
				CURRENT_PROJECT_VERSION = 1;
				DEVELOPMENT_TEAM = 8JPLRHZ9XN;
				GENERATE_INFOPLIST_FILE = YES;
				IPHONEOS_DEPLOYMENT_TARGET = 18.2;
				MARKETING_VERSION = 1.0;
				PRODUCT_BUNDLE_IDENTIFIER = k.FDLimitCheckerTests;
				PRODUCT_NAME = "$(TARGET_NAME)";
				SWIFT_EMIT_LOC_STRINGS = NO;
				SWIFT_VERSION = 5.0;
				TARGETED_DEVICE_FAMILY = "1,2";
				TEST_HOST = "$(BUILT_PRODUCTS_DIR)/FDLimitChecker.app/$(BUNDLE_EXECUTABLE_FOLDER_PATH)/FDLimitChecker";
			};
			name = Debug;
		};
		828E59382D8187DA00BF9F5E /* Release */ = {
			isa = XCBuildConfiguration;
			buildSettings = {
				BUNDLE_LOADER = "$(TEST_HOST)";
				CODE_SIGN_STYLE = Automatic;
				CURRENT_PROJECT_VERSION = 1;
				DEVELOPMENT_TEAM = 8JPLRHZ9XN;
				GENERATE_INFOPLIST_FILE = YES;
				IPHONEOS_DEPLOYMENT_TARGET = 18.2;
				MARKETING_VERSION = 1.0;
				PRODUCT_BUNDLE_IDENTIFIER = k.FDLimitCheckerTests;
				PRODUCT_NAME = "$(TARGET_NAME)";
				SWIFT_EMIT_LOC_STRINGS = NO;
				SWIFT_VERSION = 5.0;
				TARGETED_DEVICE_FAMILY = "1,2";
				TEST_HOST = "$(BUILT_PRODUCTS_DIR)/FDLimitChecker.app/$(BUNDLE_EXECUTABLE_FOLDER_PATH)/FDLimitChecker";
			};
			name = Release;
		};
		828E593A2D8187DA00BF9F5E /* Debug */ = {
			isa = XCBuildConfiguration;
			buildSettings = {
				CODE_SIGN_STYLE = Automatic;
				CURRENT_PROJECT_VERSION = 1;
				DEVELOPMENT_TEAM = 8JPLRHZ9XN;
				GENERATE_INFOPLIST_FILE = YES;
				MARKETING_VERSION = 1.0;
				PRODUCT_BUNDLE_IDENTIFIER = k.FDLimitCheckerUITests;
				PRODUCT_NAME = "$(TARGET_NAME)";
				SWIFT_EMIT_LOC_STRINGS = NO;
				SWIFT_VERSION = 5.0;
				TARGETED_DEVICE_FAMILY = "1,2";
				TEST_TARGET_NAME = FDLimitChecker;
			};
			name = Debug;
		};
		828E593B2D8187DA00BF9F5E /* Release */ = {
			isa = XCBuildConfiguration;
			buildSettings = {
				CODE_SIGN_STYLE = Automatic;
				CURRENT_PROJECT_VERSION = 1;
				DEVELOPMENT_TEAM = 8JPLRHZ9XN;
				GENERATE_INFOPLIST_FILE = YES;
				MARKETING_VERSION = 1.0;
				PRODUCT_BUNDLE_IDENTIFIER = k.FDLimitCheckerUITests;
				PRODUCT_NAME = "$(TARGET_NAME)";
				SWIFT_EMIT_LOC_STRINGS = NO;
				SWIFT_VERSION = 5.0;
				TARGETED_DEVICE_FAMILY = "1,2";
				TEST_TARGET_NAME = FDLimitChecker;
			};
			name = Release;
		};
/* End XCBuildConfiguration section */

/* Begin XCConfigurationList section */
		828E590A2D8187CA00BF9F5E /* Build configuration list for PBXProject "FDLimitChecker" */ = {
			isa = XCConfigurationList;
			buildConfigurations = (
				828E59312D8187DA00BF9F5E /* Debug */,
				828E59322D8187DA00BF9F5E /* Release */,
			);
			defaultConfigurationIsVisible = 0;
			defaultConfigurationName = Release;
		};
		828E59332D8187DA00BF9F5E /* Build configuration list for PBXNativeTarget "FDLimitChecker" */ = {
			isa = XCConfigurationList;
			buildConfigurations = (
				828E59342D8187DA00BF9F5E /* Debug */,
				828E59352D8187DA00BF9F5E /* Release */,
			);
			defaultConfigurationIsVisible = 0;
			defaultConfigurationName = Release;
		};
		828E59362D8187DA00BF9F5E /* Build configuration list for PBXNativeTarget "FDLimitCheckerTests" */ = {
			isa = XCConfigurationList;
			buildConfigurations = (
				828E59372D8187DA00BF9F5E /* Debug */,
				828E59382D8187DA00BF9F5E /* Release */,
			);
			defaultConfigurationIsVisible = 0;
			defaultConfigurationName = Release;
		};
		828E59392D8187DA00BF9F5E /* Build configuration list for PBXNativeTarget "FDLimitCheckerUITests" */ = {
			isa = XCConfigurationList;
			buildConfigurations = (
				828E593A2D8187DA00BF9F5E /* Debug */,
				828E593B2D8187DA00BF9F5E /* Release */,
			);
			defaultConfigurationIsVisible = 0;
			defaultConfigurationName = Release;
		};
/* End XCConfigurationList section */
	};
	rootObject = 828E59072D8187CA00BF9F5E /* Project object */;
}
